
Microsoft Visual Studio Solution File, Format Version 12.00
# Visual Studio Version 17
VisualStudioVersion = 17.9.34728.123
MinimumVisualStudioVersion = 10.0.40219.1
Project("{2150E333-8FDC-42A3-9474-1A3956D46DE8}") = "Api", "Api", "{8F136B99-04A1-479A-B529-2912217E8550}"
EndProject
Project("{9A19103F-16F7-4668-BE54-9A1E7A4F7556}") = "Frodo.Api", "Frodo.Api\Frodo.Api.csproj", "{86705AD8-42A4-451F-B0FA-7076E1BEE4CD}"
EndProject
Project("{2150E333-8FDC-42A3-9474-1A3956D46DE8}") = "Modules", "Modules", "{4B62E64A-68F9-4ADA-A8A1-46D9765D0F71}"
EndProject
Project("{2150E333-8FDC-42A3-9474-1A3956D46DE8}") = "Pets", "Pets", "{A92F3630-B8EE-437C-814D-86FA0877BDD2}"
EndProject
Project("{9A19103F-16F7-4668-BE54-9A1E7A4F7556}") = "Frodo.Pets.Domain", "Frodo.Pets.Domain\Frodo.Pets.Domain.csproj", "{78DC6A78-4DBC-4CD8-95FB-B0C4A4DFC6D2}"
EndProject
Project("{2150E333-8FDC-42A3-9474-1A3956D46DE8}") = "Core", "Core", "{AE9DC8CA-ADF3-4305-B573-15090F729CA4}"
EndProject
Project("{9A19103F-16F7-4668-BE54-9A1E7A4F7556}") = "Core.Domain", "Core.Domain\Core.Domain.csproj", "{0FCF568D-830B-4679-9580-1765DE47E1A8}"
EndProject
Project("{9A19103F-16F7-4668-BE54-9A1E7A4F7556}") = "Frodo.Pets.Infra.Data", "Frodo.Pets.Infra.Data\Frodo.Pets.Infra.Data.csproj", "{3755C480-DC64-4D94-8781-7C21F1377C8B}"
EndProject
Project("{9A19103F-16F7-4668-BE54-9A1E7A4F7556}") = "Core.Data", "Core.Data\Core.Data.csproj", "{DB42CFF5-DD1C-4D6B-A856-66324249CEEA}"
EndProject
Project("{FAE04EC0-301F-11D3-BF4B-00C04F79EFBC}") = "Frodo.Pets.Application", "Frodo.Pets.Application\Frodo.Pets.Application.csproj", "{8A4362DF-7390-4D48-8C07-80FE60AA9751}"
EndProject
Project("{FAE04EC0-301F-11D3-BF4B-00C04F79EFBC}") = "Core.Messaging", "Core.Messaging\Core.Messaging.csproj", "{19C4BC6E-F5DA-489E-8252-232CA9F932DD}"
EndProject
Project("{FAE04EC0-301F-11D3-BF4B-00C04F79EFBC}") = "Core.Api", "Core.Api\Core.Api.csproj", "{85DEFB4A-A3C6-4226-B496-E3ABF265B592}"
EndProject
Global
	GlobalSection(SolutionConfigurationPlatforms) = preSolution
		Debug|Any CPU = Debug|Any CPU
		Release|Any CPU = Release|Any CPU
	EndGlobalSection
	GlobalSection(ProjectConfigurationPlatforms) = postSolution
		{86705AD8-42A4-451F-B0FA-7076E1BEE4CD}.Debug|Any CPU.ActiveCfg = Debug|Any CPU
		{86705AD8-42A4-451F-B0FA-7076E1BEE4CD}.Debug|Any CPU.Build.0 = Debug|Any CPU
		{86705AD8-42A4-451F-B0FA-7076E1BEE4CD}.Release|Any CPU.ActiveCfg = Release|Any CPU
		{86705AD8-42A4-451F-B0FA-7076E1BEE4CD}.Release|Any CPU.Build.0 = Release|Any CPU
		{78DC6A78-4DBC-4CD8-95FB-B0C4A4DFC6D2}.Debug|Any CPU.ActiveCfg = Debug|Any CPU
		{78DC6A78-4DBC-4CD8-95FB-B0C4A4DFC6D2}.Debug|Any CPU.Build.0 = Debug|Any CPU
		{78DC6A78-4DBC-4CD8-95FB-B0C4A4DFC6D2}.Release|Any CPU.ActiveCfg = Release|Any CPU
		{78DC6A78-4DBC-4CD8-95FB-B0C4A4DFC6D2}.Release|Any CPU.Build.0 = Release|Any CPU
		{0FCF568D-830B-4679-9580-1765DE47E1A8}.Debug|Any CPU.ActiveCfg = Debug|Any CPU
		{0FCF568D-830B-4679-9580-1765DE47E1A8}.Debug|Any CPU.Build.0 = Debug|Any CPU
		{0FCF568D-830B-4679-9580-1765DE47E1A8}.Release|Any CPU.ActiveCfg = Release|Any CPU
		{0FCF568D-830B-4679-9580-1765DE47E1A8}.Release|Any CPU.Build.0 = Release|Any CPU
		{3755C480-DC64-4D94-8781-7C21F1377C8B}.Debug|Any CPU.ActiveCfg = Debug|Any CPU
		{3755C480-DC64-4D94-8781-7C21F1377C8B}.Debug|Any CPU.Build.0 = Debug|Any CPU
		{3755C480-DC64-4D94-8781-7C21F1377C8B}.Release|Any CPU.ActiveCfg = Release|Any CPU
		{3755C480-DC64-4D94-8781-7C21F1377C8B}.Release|Any CPU.Build.0 = Release|Any CPU
		{DB42CFF5-DD1C-4D6B-A856-66324249CEEA}.Debug|Any CPU.ActiveCfg = Debug|Any CPU
		{DB42CFF5-DD1C-4D6B-A856-66324249CEEA}.Debug|Any CPU.Build.0 = Debug|Any CPU
		{DB42CFF5-DD1C-4D6B-A856-66324249CEEA}.Release|Any CPU.ActiveCfg = Release|Any CPU
		{DB42CFF5-DD1C-4D6B-A856-66324249CEEA}.Release|Any CPU.Build.0 = Release|Any CPU
		{8A4362DF-7390-4D48-8C07-80FE60AA9751}.Debug|Any CPU.ActiveCfg = Debug|Any CPU
		{8A4362DF-7390-4D48-8C07-80FE60AA9751}.Debug|Any CPU.Build.0 = Debug|Any CPU
		{8A4362DF-7390-4D48-8C07-80FE60AA9751}.Release|Any CPU.ActiveCfg = Release|Any CPU
		{8A4362DF-7390-4D48-8C07-80FE60AA9751}.Release|Any CPU.Build.0 = Release|Any CPU
		{19C4BC6E-F5DA-489E-8252-232CA9F932DD}.Debug|Any CPU.ActiveCfg = Debug|Any CPU
		{19C4BC6E-F5DA-489E-8252-232CA9F932DD}.Debug|Any CPU.Build.0 = Debug|Any CPU
		{19C4BC6E-F5DA-489E-8252-232CA9F932DD}.Release|Any CPU.ActiveCfg = Release|Any CPU
		{19C4BC6E-F5DA-489E-8252-232CA9F932DD}.Release|Any CPU.Build.0 = Release|Any CPU
		{85DEFB4A-A3C6-4226-B496-E3ABF265B592}.Debug|Any CPU.ActiveCfg = Debug|Any CPU
		{85DEFB4A-A3C6-4226-B496-E3ABF265B592}.Debug|Any CPU.Build.0 = Debug|Any CPU
		{85DEFB4A-A3C6-4226-B496-E3ABF265B592}.Release|Any CPU.ActiveCfg = Release|Any CPU
		{85DEFB4A-A3C6-4226-B496-E3ABF265B592}.Release|Any CPU.Build.0 = Release|Any CPU
	EndGlobalSection
	GlobalSection(SolutionProperties) = preSolution
		HideSolutionNode = FALSE
	EndGlobalSection
	GlobalSection(NestedProjects) = preSolution
		{86705AD8-42A4-451F-B0FA-7076E1BEE4CD} = {8F136B99-04A1-479A-B529-2912217E8550}
		{A92F3630-B8EE-437C-814D-86FA0877BDD2} = {4B62E64A-68F9-4ADA-A8A1-46D9765D0F71}
		{78DC6A78-4DBC-4CD8-95FB-B0C4A4DFC6D2} = {A92F3630-B8EE-437C-814D-86FA0877BDD2}
		{0FCF568D-830B-4679-9580-1765DE47E1A8} = {AE9DC8CA-ADF3-4305-B573-15090F729CA4}
		{3755C480-DC64-4D94-8781-7C21F1377C8B} = {A92F3630-B8EE-437C-814D-86FA0877BDD2}
		{DB42CFF5-DD1C-4D6B-A856-66324249CEEA} = {AE9DC8CA-ADF3-4305-B573-15090F729CA4}
		{8A4362DF-7390-4D48-8C07-80FE60AA9751} = {A92F3630-B8EE-437C-814D-86FA0877BDD2}
		{19C4BC6E-F5DA-489E-8252-232CA9F932DD} = {AE9DC8CA-ADF3-4305-B573-15090F729CA4}
		{85DEFB4A-A3C6-4226-B496-E3ABF265B592} = {AE9DC8CA-ADF3-4305-B573-15090F729CA4}
	EndGlobalSection
	GlobalSection(ExtensibilityGlobals) = postSolution
		SolutionGuid = {D81F9FDC-7944-4B6F-8782-4ECEB1E84774}
	EndGlobalSection
EndGlobal
