
Microsoft Visual Studio Solution File, Format Version 12.00
# Visual Studio Version 17
VisualStudioVersion = 17.9.34728.123
MinimumVisualStudioVersion = 10.0.40219.1
Project("{2150E333-8FDC-42A3-9474-1A3956D46DE8}") = "Api", "Api", "{8F136B99-04A1-479A-B529-2912217E8550}"
EndProject
Project("{9A19103F-16F7-4668-BE54-9A1E7A4F7556}") = "Frodo.Api", "Frodo.Api\Frodo.Api.csproj", "{86705AD8-42A4-451F-B0FA-7076E1BEE4CD}"
EndProject
Project("{2150E333-8FDC-42A3-9474-1A3956D46DE8}") = "Modules", "Modules", "{4B62E64A-68F9-4ADA-A8A1-46D9765D0F71}"
EndProject
Project("{2150E333-8FDC-42A3-9474-1A3956D46DE8}") = "Pets", "Pets", "{A92F3630-B8EE-437C-814D-86FA0877BDD2}"
EndProject
Project("{2150E333-8FDC-42A3-9474-1A3956D46DE8}") = "Core", "Core", "{AE9DC8CA-ADF3-4305-B573-15090F729CA4}"
EndProject
Project("{9A19103F-16F7-4668-BE54-9A1E7A4F7556}") = "Frodo.Pets.Application", "Modules\Pets\Frodo.Pets.Application\Frodo.Pets.Application.csproj", "{B93F1BBB-E809-46AA-ACB3-CCC256949A75}"
EndProject
Project("{9A19103F-16F7-4668-BE54-9A1E7A4F7556}") = "Frodo.Pets.Domain", "Modules\Pets\Frodo.Pets.Domain\Frodo.Pets.Domain.csproj", "{1456B3A2-9924-4BF4-9D97-A2256ED1866C}"
EndProject
Project("{9A19103F-16F7-4668-BE54-9A1E7A4F7556}") = "Frodo.Pets.Infra.Data", "Modules\Pets\Frodo.Pets.Infra.Data\Frodo.Pets.Infra.Data.csproj", "{F5786B6C-C07A-4C8B-8C89-46E383604204}"
EndProject
Project("{9A19103F-16F7-4668-BE54-9A1E7A4F7556}") = "Core.Api", "Core\Core.Api\Core.Api.csproj", "{9FA1C184-30B3-4E83-B995-6D1DCF9CB612}"
EndProject
Project("{9A19103F-16F7-4668-BE54-9A1E7A4F7556}") = "Core.Data", "Core\Core.Data\Core.Data.csproj", "{6E4B264B-D610-4119-A34C-513B7255366E}"
EndProject
Project("{9A19103F-16F7-4668-BE54-9A1E7A4F7556}") = "Core.Domain", "Core\Core.Domain\Core.Domain.csproj", "{049979CA-BE41-42E5-8426-BD06829057FB}"
EndProject
Project("{9A19103F-16F7-4668-BE54-9A1E7A4F7556}") = "Core.Messaging", "Core\Core.Messaging\Core.Messaging.csproj", "{617FD687-D60A-4D45-9339-9BDB4C8CE730}"
EndProject
Project("{FAE04EC0-301F-11D3-BF4B-00C04F79EFBC}") = "Core.Validations", "Core.Validations\Core.Validations.csproj", "{274F66FF-FCA0-4B42-A09D-573377D9B9CA}"
EndProject
Global
	GlobalSection(SolutionConfigurationPlatforms) = preSolution
		Debug|Any CPU = Debug|Any CPU
		Release|Any CPU = Release|Any CPU
	EndGlobalSection
	GlobalSection(ProjectConfigurationPlatforms) = postSolution
		{86705AD8-42A4-451F-B0FA-7076E1BEE4CD}.Debug|Any CPU.ActiveCfg = Debug|Any CPU
		{86705AD8-42A4-451F-B0FA-7076E1BEE4CD}.Debug|Any CPU.Build.0 = Debug|Any CPU
		{86705AD8-42A4-451F-B0FA-7076E1BEE4CD}.Release|Any CPU.ActiveCfg = Release|Any CPU
		{86705AD8-42A4-451F-B0FA-7076E1BEE4CD}.Release|Any CPU.Build.0 = Release|Any CPU
		{B93F1BBB-E809-46AA-ACB3-CCC256949A75}.Debug|Any CPU.ActiveCfg = Debug|Any CPU
		{B93F1BBB-E809-46AA-ACB3-CCC256949A75}.Debug|Any CPU.Build.0 = Debug|Any CPU
		{B93F1BBB-E809-46AA-ACB3-CCC256949A75}.Release|Any CPU.ActiveCfg = Release|Any CPU
		{B93F1BBB-E809-46AA-ACB3-CCC256949A75}.Release|Any CPU.Build.0 = Release|Any CPU
		{1456B3A2-9924-4BF4-9D97-A2256ED1866C}.Debug|Any CPU.ActiveCfg = Debug|Any CPU
		{1456B3A2-9924-4BF4-9D97-A2256ED1866C}.Debug|Any CPU.Build.0 = Debug|Any CPU
		{1456B3A2-9924-4BF4-9D97-A2256ED1866C}.Release|Any CPU.ActiveCfg = Release|Any CPU
		{1456B3A2-9924-4BF4-9D97-A2256ED1866C}.Release|Any CPU.Build.0 = Release|Any CPU
		{F5786B6C-C07A-4C8B-8C89-46E383604204}.Debug|Any CPU.ActiveCfg = Debug|Any CPU
		{F5786B6C-C07A-4C8B-8C89-46E383604204}.Debug|Any CPU.Build.0 = Debug|Any CPU
		{F5786B6C-C07A-4C8B-8C89-46E383604204}.Release|Any CPU.ActiveCfg = Release|Any CPU
		{F5786B6C-C07A-4C8B-8C89-46E383604204}.Release|Any CPU.Build.0 = Release|Any CPU
		{9FA1C184-30B3-4E83-B995-6D1DCF9CB612}.Debug|Any CPU.ActiveCfg = Debug|Any CPU
		{9FA1C184-30B3-4E83-B995-6D1DCF9CB612}.Debug|Any CPU.Build.0 = Debug|Any CPU
		{9FA1C184-30B3-4E83-B995-6D1DCF9CB612}.Release|Any CPU.ActiveCfg = Release|Any CPU
		{9FA1C184-30B3-4E83-B995-6D1DCF9CB612}.Release|Any CPU.Build.0 = Release|Any CPU
		{6E4B264B-D610-4119-A34C-513B7255366E}.Debug|Any CPU.ActiveCfg = Debug|Any CPU
		{6E4B264B-D610-4119-A34C-513B7255366E}.Debug|Any CPU.Build.0 = Debug|Any CPU
		{6E4B264B-D610-4119-A34C-513B7255366E}.Release|Any CPU.ActiveCfg = Release|Any CPU
		{6E4B264B-D610-4119-A34C-513B7255366E}.Release|Any CPU.Build.0 = Release|Any CPU
		{049979CA-BE41-42E5-8426-BD06829057FB}.Debug|Any CPU.ActiveCfg = Debug|Any CPU
		{049979CA-BE41-42E5-8426-BD06829057FB}.Debug|Any CPU.Build.0 = Debug|Any CPU
		{049979CA-BE41-42E5-8426-BD06829057FB}.Release|Any CPU.ActiveCfg = Release|Any CPU
		{049979CA-BE41-42E5-8426-BD06829057FB}.Release|Any CPU.Build.0 = Release|Any CPU
		{617FD687-D60A-4D45-9339-9BDB4C8CE730}.Debug|Any CPU.ActiveCfg = Debug|Any CPU
		{617FD687-D60A-4D45-9339-9BDB4C8CE730}.Debug|Any CPU.Build.0 = Debug|Any CPU
		{617FD687-D60A-4D45-9339-9BDB4C8CE730}.Release|Any CPU.ActiveCfg = Release|Any CPU
		{617FD687-D60A-4D45-9339-9BDB4C8CE730}.Release|Any CPU.Build.0 = Release|Any CPU
		{274F66FF-FCA0-4B42-A09D-573377D9B9CA}.Debug|Any CPU.ActiveCfg = Debug|Any CPU
		{274F66FF-FCA0-4B42-A09D-573377D9B9CA}.Debug|Any CPU.Build.0 = Debug|Any CPU
		{274F66FF-FCA0-4B42-A09D-573377D9B9CA}.Release|Any CPU.ActiveCfg = Release|Any CPU
		{274F66FF-FCA0-4B42-A09D-573377D9B9CA}.Release|Any CPU.Build.0 = Release|Any CPU
	EndGlobalSection
	GlobalSection(SolutionProperties) = preSolution
		HideSolutionNode = FALSE
	EndGlobalSection
	GlobalSection(NestedProjects) = preSolution
		{86705AD8-42A4-451F-B0FA-7076E1BEE4CD} = {8F136B99-04A1-479A-B529-2912217E8550}
		{A92F3630-B8EE-437C-814D-86FA0877BDD2} = {4B62E64A-68F9-4ADA-A8A1-46D9765D0F71}
		{B93F1BBB-E809-46AA-ACB3-CCC256949A75} = {A92F3630-B8EE-437C-814D-86FA0877BDD2}
		{1456B3A2-9924-4BF4-9D97-A2256ED1866C} = {A92F3630-B8EE-437C-814D-86FA0877BDD2}
		{F5786B6C-C07A-4C8B-8C89-46E383604204} = {A92F3630-B8EE-437C-814D-86FA0877BDD2}
		{9FA1C184-30B3-4E83-B995-6D1DCF9CB612} = {AE9DC8CA-ADF3-4305-B573-15090F729CA4}
		{6E4B264B-D610-4119-A34C-513B7255366E} = {AE9DC8CA-ADF3-4305-B573-15090F729CA4}
		{049979CA-BE41-42E5-8426-BD06829057FB} = {AE9DC8CA-ADF3-4305-B573-15090F729CA4}
		{617FD687-D60A-4D45-9339-9BDB4C8CE730} = {AE9DC8CA-ADF3-4305-B573-15090F729CA4}
		{274F66FF-FCA0-4B42-A09D-573377D9B9CA} = {AE9DC8CA-ADF3-4305-B573-15090F729CA4}
	EndGlobalSection
	GlobalSection(ExtensibilityGlobals) = postSolution
		SolutionGuid = {D81F9FDC-7944-4B6F-8782-4ECEB1E84774}
	EndGlobalSection
EndGlobal
