
Microsoft Visual Studio Solution File, Format Version 12.00
# Visual Studio Version 17
VisualStudioVersion = 17.9.34728.123
MinimumVisualStudioVersion = 10.0.40219.1
Project("{2150E333-8FDC-42A3-9474-1A3956D46DE8}") = "Api", "Api", "{8F136B99-04A1-479A-B529-2912217E8550}"
EndProject
Project("{9A19103F-16F7-4668-BE54-9A1E7A4F7556}") = "Frodo.Api", "Frodo.Api\Frodo.Api.csproj", "{86705AD8-42A4-451F-B0FA-7076E1BEE4CD}"
EndProject
Project("{2150E333-8FDC-42A3-9474-1A3956D46DE8}") = "Modules", "Modules", "{4B62E64A-68F9-4ADA-A8A1-46D9765D0F71}"
EndProject
Project("{2150E333-8FDC-42A3-9474-1A3956D46DE8}") = "Pets", "Pets", "{A92F3630-B8EE-437C-814D-86FA0877BDD2}"
EndProject
Project("{2150E333-8FDC-42A3-9474-1A3956D46DE8}") = "Core", "Core", "{AE9DC8CA-ADF3-4305-B573-15090F729CA4}"
EndProject
Project("{9A19103F-16F7-4668-BE54-9A1E7A4F7556}") = "Frodo.Pets.Application", "Modules\Pets\Frodo.Pets.Application\Frodo.Pets.Application.csproj", "{B93F1BBB-E809-46AA-ACB3-CCC256949A75}"
EndProject
Project("{9A19103F-16F7-4668-BE54-9A1E7A4F7556}") = "Frodo.Pets.Domain", "Modules\Pets\Frodo.Pets.Domain\Frodo.Pets.Domain.csproj", "{1456B3A2-9924-4BF4-9D97-A2256ED1866C}"
EndProject
Project("{9A19103F-16F7-4668-BE54-9A1E7A4F7556}") = "Frodo.Pets.Infra.Data", "Modules\Pets\Frodo.Pets.Infra.Data\Frodo.Pets.Infra.Data.csproj", "{F5786B6C-C07A-4C8B-8C89-46E383604204}"
EndProject
Project("{9A19103F-16F7-4668-BE54-9A1E7A4F7556}") = "Core.Api", "Core\Core.Api\Core.Api.csproj", "{9FA1C184-30B3-4E83-B995-6D1DCF9CB612}"
EndProject
Project("{9A19103F-16F7-4668-BE54-9A1E7A4F7556}") = "Core.Data", "Core\Core.Data\Core.Data.csproj", "{6E4B264B-D610-4119-A34C-513B7255366E}"
EndProject
Project("{9A19103F-16F7-4668-BE54-9A1E7A4F7556}") = "Core.Domain", "Core\Core.Domain\Core.Domain.csproj", "{049979CA-BE41-42E5-8426-BD06829057FB}"
EndProject
Project("{9A19103F-16F7-4668-BE54-9A1E7A4F7556}") = "Core.Messaging", "Core\Core.Messaging\Core.Messaging.csproj", "{617FD687-D60A-4D45-9339-9BDB4C8CE730}"
EndProject
Project("{9A19103F-16F7-4668-BE54-9A1E7A4F7556}") = "Core.Common", "Core\Core.Common\Core.Common.csproj", "{B74B0B95-B7E2-4CD3-99E6-4D2FABC8A628}"
EndProject
Project("{9A19103F-16F7-4668-BE54-9A1E7A4F7556}") = "Core.Validations", "Core\Core.Validations\Core.Validations.csproj", "{A2D019C7-E7B1-4BE2-8F2F-19A67755D899}"
EndProject
Project("{2150E333-8FDC-42A3-9474-1A3956D46DE8}") = "Users", "Users", "{55FF119E-2F18-47B1-9942-5C744D9F32D6}"
EndProject
Project("{9A19103F-16F7-4668-BE54-9A1E7A4F7556}") = "Frodo.Users.Domain", "Modules\Users\Frodo.Users.Domain\Frodo.Users.Domain.csproj", "{02ADC48C-9FD2-4CAE-AEC5-F13A89780685}"
EndProject
Project("{9A19103F-16F7-4668-BE54-9A1E7A4F7556}") = "Frodo.Users.Infra.Data", "Modules\Users\Frodo.Users.Infra.Data\Frodo.Users.Infra.Data.csproj", "{4F083176-D78F-4AD9-8840-D3FDFE9A120E}"
EndProject
Project("{FAE04EC0-301F-11D3-BF4B-00C04F79EFBC}") = "Frodo.Common", "Frodo.Common\Frodo.Common.csproj", "{78031A19-AB1C-41A8-88EE-CD5578D4EB2F}"
EndProject
Project("{FAE04EC0-301F-11D3-BF4B-00C04F79EFBC}") = "Frodo.Users.Application", "Modules\Users\Frodo.Users.Application\Frodo.Users.Application.csproj", "{10CF0D16-0E58-43ED-9750-4935AB63E5FF}"
EndProject
Project("{FAE04EC0-301F-11D3-BF4B-00C04F79EFBC}") = "Frodo.Integrations", "Frodo.Integrations\Frodo.Integrations.csproj", "{9D396BEF-FB86-40AC-B5F8-686B37A77BC0}"
EndProject
Global
	GlobalSection(SolutionConfigurationPlatforms) = preSolution
		Debug|Any CPU = Debug|Any CPU
		Release|Any CPU = Release|Any CPU
	EndGlobalSection
	GlobalSection(ProjectConfigurationPlatforms) = postSolution
		{86705AD8-42A4-451F-B0FA-7076E1BEE4CD}.Debug|Any CPU.ActiveCfg = Debug|Any CPU
		{86705AD8-42A4-451F-B0FA-7076E1BEE4CD}.Debug|Any CPU.Build.0 = Debug|Any CPU
		{86705AD8-42A4-451F-B0FA-7076E1BEE4CD}.Release|Any CPU.ActiveCfg = Release|Any CPU
		{86705AD8-42A4-451F-B0FA-7076E1BEE4CD}.Release|Any CPU.Build.0 = Release|Any CPU
		{B93F1BBB-E809-46AA-ACB3-CCC256949A75}.Debug|Any CPU.ActiveCfg = Debug|Any CPU
		{B93F1BBB-E809-46AA-ACB3-CCC256949A75}.Debug|Any CPU.Build.0 = Debug|Any CPU
		{B93F1BBB-E809-46AA-ACB3-CCC256949A75}.Release|Any CPU.ActiveCfg = Release|Any CPU
		{B93F1BBB-E809-46AA-ACB3-CCC256949A75}.Release|Any CPU.Build.0 = Release|Any CPU
		{1456B3A2-9924-4BF4-9D97-A2256ED1866C}.Debug|Any CPU.ActiveCfg = Debug|Any CPU
		{1456B3A2-9924-4BF4-9D97-A2256ED1866C}.Debug|Any CPU.Build.0 = Debug|Any CPU
		{1456B3A2-9924-4BF4-9D97-A2256ED1866C}.Release|Any CPU.ActiveCfg = Release|Any CPU
		{1456B3A2-9924-4BF4-9D97-A2256ED1866C}.Release|Any CPU.Build.0 = Release|Any CPU
		{F5786B6C-C07A-4C8B-8C89-46E383604204}.Debug|Any CPU.ActiveCfg = Debug|Any CPU
		{F5786B6C-C07A-4C8B-8C89-46E383604204}.Debug|Any CPU.Build.0 = Debug|Any CPU
		{F5786B6C-C07A-4C8B-8C89-46E383604204}.Release|Any CPU.ActiveCfg = Release|Any CPU
		{F5786B6C-C07A-4C8B-8C89-46E383604204}.Release|Any CPU.Build.0 = Release|Any CPU
		{9FA1C184-30B3-4E83-B995-6D1DCF9CB612}.Debug|Any CPU.ActiveCfg = Debug|Any CPU
		{9FA1C184-30B3-4E83-B995-6D1DCF9CB612}.Debug|Any CPU.Build.0 = Debug|Any CPU
		{9FA1C184-30B3-4E83-B995-6D1DCF9CB612}.Release|Any CPU.ActiveCfg = Release|Any CPU
		{9FA1C184-30B3-4E83-B995-6D1DCF9CB612}.Release|Any CPU.Build.0 = Release|Any CPU
		{6E4B264B-D610-4119-A34C-513B7255366E}.Debug|Any CPU.ActiveCfg = Debug|Any CPU
		{6E4B264B-D610-4119-A34C-513B7255366E}.Debug|Any CPU.Build.0 = Debug|Any CPU
		{6E4B264B-D610-4119-A34C-513B7255366E}.Release|Any CPU.ActiveCfg = Release|Any CPU
		{6E4B264B-D610-4119-A34C-513B7255366E}.Release|Any CPU.Build.0 = Release|Any CPU
		{049979CA-BE41-42E5-8426-BD06829057FB}.Debug|Any CPU.ActiveCfg = Debug|Any CPU
		{049979CA-BE41-42E5-8426-BD06829057FB}.Debug|Any CPU.Build.0 = Debug|Any CPU
		{049979CA-BE41-42E5-8426-BD06829057FB}.Release|Any CPU.ActiveCfg = Release|Any CPU
		{049979CA-BE41-42E5-8426-BD06829057FB}.Release|Any CPU.Build.0 = Release|Any CPU
		{617FD687-D60A-4D45-9339-9BDB4C8CE730}.Debug|Any CPU.ActiveCfg = Debug|Any CPU
		{617FD687-D60A-4D45-9339-9BDB4C8CE730}.Debug|Any CPU.Build.0 = Debug|Any CPU
		{617FD687-D60A-4D45-9339-9BDB4C8CE730}.Release|Any CPU.ActiveCfg = Release|Any CPU
		{617FD687-D60A-4D45-9339-9BDB4C8CE730}.Release|Any CPU.Build.0 = Release|Any CPU
		{B74B0B95-B7E2-4CD3-99E6-4D2FABC8A628}.Debug|Any CPU.ActiveCfg = Debug|Any CPU
		{B74B0B95-B7E2-4CD3-99E6-4D2FABC8A628}.Debug|Any CPU.Build.0 = Debug|Any CPU
		{B74B0B95-B7E2-4CD3-99E6-4D2FABC8A628}.Release|Any CPU.ActiveCfg = Release|Any CPU
		{B74B0B95-B7E2-4CD3-99E6-4D2FABC8A628}.Release|Any CPU.Build.0 = Release|Any CPU
		{A2D019C7-E7B1-4BE2-8F2F-19A67755D899}.Debug|Any CPU.ActiveCfg = Debug|Any CPU
		{A2D019C7-E7B1-4BE2-8F2F-19A67755D899}.Debug|Any CPU.Build.0 = Debug|Any CPU
		{A2D019C7-E7B1-4BE2-8F2F-19A67755D899}.Release|Any CPU.ActiveCfg = Release|Any CPU
		{A2D019C7-E7B1-4BE2-8F2F-19A67755D899}.Release|Any CPU.Build.0 = Release|Any CPU
		{02ADC48C-9FD2-4CAE-AEC5-F13A89780685}.Debug|Any CPU.ActiveCfg = Debug|Any CPU
		{02ADC48C-9FD2-4CAE-AEC5-F13A89780685}.Debug|Any CPU.Build.0 = Debug|Any CPU
		{02ADC48C-9FD2-4CAE-AEC5-F13A89780685}.Release|Any CPU.ActiveCfg = Release|Any CPU
		{02ADC48C-9FD2-4CAE-AEC5-F13A89780685}.Release|Any CPU.Build.0 = Release|Any CPU
		{4F083176-D78F-4AD9-8840-D3FDFE9A120E}.Debug|Any CPU.ActiveCfg = Debug|Any CPU
		{4F083176-D78F-4AD9-8840-D3FDFE9A120E}.Debug|Any CPU.Build.0 = Debug|Any CPU
		{4F083176-D78F-4AD9-8840-D3FDFE9A120E}.Release|Any CPU.ActiveCfg = Release|Any CPU
		{4F083176-D78F-4AD9-8840-D3FDFE9A120E}.Release|Any CPU.Build.0 = Release|Any CPU
		{78031A19-AB1C-41A8-88EE-CD5578D4EB2F}.Debug|Any CPU.ActiveCfg = Debug|Any CPU
		{78031A19-AB1C-41A8-88EE-CD5578D4EB2F}.Debug|Any CPU.Build.0 = Debug|Any CPU
		{78031A19-AB1C-41A8-88EE-CD5578D4EB2F}.Release|Any CPU.ActiveCfg = Release|Any CPU
		{78031A19-AB1C-41A8-88EE-CD5578D4EB2F}.Release|Any CPU.Build.0 = Release|Any CPU
		{10CF0D16-0E58-43ED-9750-4935AB63E5FF}.Debug|Any CPU.ActiveCfg = Debug|Any CPU
		{10CF0D16-0E58-43ED-9750-4935AB63E5FF}.Debug|Any CPU.Build.0 = Debug|Any CPU
		{10CF0D16-0E58-43ED-9750-4935AB63E5FF}.Release|Any CPU.ActiveCfg = Release|Any CPU
		{10CF0D16-0E58-43ED-9750-4935AB63E5FF}.Release|Any CPU.Build.0 = Release|Any CPU
		{9D396BEF-FB86-40AC-B5F8-686B37A77BC0}.Debug|Any CPU.ActiveCfg = Debug|Any CPU
		{9D396BEF-FB86-40AC-B5F8-686B37A77BC0}.Debug|Any CPU.Build.0 = Debug|Any CPU
		{9D396BEF-FB86-40AC-B5F8-686B37A77BC0}.Release|Any CPU.ActiveCfg = Release|Any CPU
		{9D396BEF-FB86-40AC-B5F8-686B37A77BC0}.Release|Any CPU.Build.0 = Release|Any CPU
	EndGlobalSection
	GlobalSection(SolutionProperties) = preSolution
		HideSolutionNode = FALSE
	EndGlobalSection
	GlobalSection(NestedProjects) = preSolution
		{86705AD8-42A4-451F-B0FA-7076E1BEE4CD} = {8F136B99-04A1-479A-B529-2912217E8550}
		{A92F3630-B8EE-437C-814D-86FA0877BDD2} = {4B62E64A-68F9-4ADA-A8A1-46D9765D0F71}
		{B93F1BBB-E809-46AA-ACB3-CCC256949A75} = {A92F3630-B8EE-437C-814D-86FA0877BDD2}
		{1456B3A2-9924-4BF4-9D97-A2256ED1866C} = {A92F3630-B8EE-437C-814D-86FA0877BDD2}
		{F5786B6C-C07A-4C8B-8C89-46E383604204} = {A92F3630-B8EE-437C-814D-86FA0877BDD2}
		{9FA1C184-30B3-4E83-B995-6D1DCF9CB612} = {AE9DC8CA-ADF3-4305-B573-15090F729CA4}
		{6E4B264B-D610-4119-A34C-513B7255366E} = {AE9DC8CA-ADF3-4305-B573-15090F729CA4}
		{049979CA-BE41-42E5-8426-BD06829057FB} = {AE9DC8CA-ADF3-4305-B573-15090F729CA4}
		{617FD687-D60A-4D45-9339-9BDB4C8CE730} = {AE9DC8CA-ADF3-4305-B573-15090F729CA4}
		{B74B0B95-B7E2-4CD3-99E6-4D2FABC8A628} = {AE9DC8CA-ADF3-4305-B573-15090F729CA4}
		{A2D019C7-E7B1-4BE2-8F2F-19A67755D899} = {AE9DC8CA-ADF3-4305-B573-15090F729CA4}
		{55FF119E-2F18-47B1-9942-5C744D9F32D6} = {4B62E64A-68F9-4ADA-A8A1-46D9765D0F71}
		{02ADC48C-9FD2-4CAE-AEC5-F13A89780685} = {55FF119E-2F18-47B1-9942-5C744D9F32D6}
		{4F083176-D78F-4AD9-8840-D3FDFE9A120E} = {55FF119E-2F18-47B1-9942-5C744D9F32D6}
		{10CF0D16-0E58-43ED-9750-4935AB63E5FF} = {55FF119E-2F18-47B1-9942-5C744D9F32D6}
	EndGlobalSection
	GlobalSection(ExtensibilityGlobals) = postSolution
		SolutionGuid = {D81F9FDC-7944-4B6F-8782-4ECEB1E84774}
	EndGlobalSection
EndGlobal
